
Microsoft Visual Studio Solution File, Format Version 11.00
# Visual Studio 2010
Project("{FAE04EC0-301F-11D3-BF4B-00C04F79EFBC}") = "UnityEngine.TestRunner", "UnityEngine.TestRunner.csproj", "{1ea05159-36cb-0a2a-420d-423782fc9a85}"
EndProject
Project("{FAE04EC0-301F-11D3-BF4B-00C04F79EFBC}") = "Unity.Postprocessing.Runtime", "Unity.Postprocessing.Runtime.csproj", "{29c72fe4-797f-5a7a-4fde-8186f017be6f}"
EndProject
Project("{FAE04EC0-301F-11D3-BF4B-00C04F79EFBC}") = "UnityEngine.UI", "UnityEngine.UI.csproj", "{f029b90c-a048-79b0-4501-bad6dd9a5912}"
EndProject
Project("{FAE04EC0-301F-11D3-BF4B-00C04F79EFBC}") = "Unity.TextMeshPro", "Unity.TextMeshPro.csproj", "{453ed9a6-2414-c1a6-f01f-eb31b18278d5}"
EndProject
Project("{FAE04EC0-301F-11D3-BF4B-00C04F79EFBC}") = "Unity.Timeline", "Unity.Timeline.csproj", "{8484c1bb-c117-3eb6-6371-8c526d0e3692}"
EndProject
Project("{FAE04EC0-301F-11D3-BF4B-00C04F79EFBC}") = "Assembly-CSharp", "Assembly-CSharp.csproj", "{c515d963-cf33-c232-2d4a-6156828b15ee}"
EndProject
Project("{FAE04EC0-301F-11D3-BF4B-00C04F79EFBC}") = "UnityEditor.TestRunner", "UnityEditor.TestRunner.csproj", "{d21dbb28-f35c-57f0-5bc5-b574276509e2}"
EndProject
Project("{FAE04EC0-301F-11D3-BF4B-00C04F79EFBC}") = "Unity.VisualStudio.Editor", "Unity.VisualStudio.Editor.csproj", "{b3215b73-f5f6-2c23-ca91-96eda80e9413}"
EndProject
Project("{FAE04EC0-301F-11D3-BF4B-00C04F79EFBC}") = "Unity.TextMeshPro.Editor", "Unity.TextMeshPro.Editor.csproj", "{8660a142-02ef-17de-ca7e-a1f8953ed298}"
EndProject
Project("{FAE04EC0-301F-11D3-BF4B-00C04F79EFBC}") = "Unity.Timeline.Editor", "Unity.Timeline.Editor.csproj", "{0df4c063-d539-e5ac-325b-aa0090e359ee}"
EndProject
Project("{FAE04EC0-301F-11D3-BF4B-00C04F79EFBC}") = "Unity.PlasticSCM.Editor", "Unity.PlasticSCM.Editor.csproj", "{fb0ea5a5-e008-742c-73b2-48bedba30d09}"
EndProject
Project("{FAE04EC0-301F-11D3-BF4B-00C04F79EFBC}") = "UnityEditor.UI", "UnityEditor.UI.csproj", "{13095434-ba75-75e5-ab99-9378820ffbdb}"
EndProject
Project("{FAE04EC0-301F-11D3-BF4B-00C04F79EFBC}") = "Unity.Rider.Editor", "Unity.Rider.Editor.csproj", "{85d57e6b-e86b-189a-4450-e1a54807b6cd}"
EndProject
Project("{FAE04EC0-301F-11D3-BF4B-00C04F79EFBC}") = "Unity.Postprocessing.Editor", "Unity.Postprocessing.Editor.csproj", "{c5e99bec-8bc3-592a-c70c-3e0e26195e8f}"
EndProject
Project("{FAE04EC0-301F-11D3-BF4B-00C04F79EFBC}") = "Unity.CollabProxy.Editor", "Unity.CollabProxy.Editor.csproj", "{f0dfb433-3e16-e739-3080-fbaa0d421bbc}"
EndProject
Project("{FAE04EC0-301F-11D3-BF4B-00C04F79EFBC}") = "Unity.VSCode.Editor", "Unity.VSCode.Editor.csproj", "{fd76aea1-ab88-b50f-b2b5-9a87d02e8125}"
EndProject
Global
	GlobalSection(SolutionConfigurationPlatforms) = preSolution
		Debug|Any CPU = Debug|Any CPU
	EndGlobalSection
	GlobalSection(ProjectConfigurationPlatforms) = postSolution
		{1ea05159-36cb-0a2a-420d-423782fc9a85}.Debug|Any CPU.ActiveCfg = Debug|Any CPU
		{1ea05159-36cb-0a2a-420d-423782fc9a85}.Debug|Any CPU.Build.0 = Debug|Any CPU
		{29c72fe4-797f-5a7a-4fde-8186f017be6f}.Debug|Any CPU.ActiveCfg = Debug|Any CPU
		{29c72fe4-797f-5a7a-4fde-8186f017be6f}.Debug|Any CPU.Build.0 = Debug|Any CPU
		{f029b90c-a048-79b0-4501-bad6dd9a5912}.Debug|Any CPU.ActiveCfg = Debug|Any CPU
		{f029b90c-a048-79b0-4501-bad6dd9a5912}.Debug|Any CPU.Build.0 = Debug|Any CPU
		{453ed9a6-2414-c1a6-f01f-eb31b18278d5}.Debug|Any CPU.ActiveCfg = Debug|Any CPU
		{453ed9a6-2414-c1a6-f01f-eb31b18278d5}.Debug|Any CPU.Build.0 = Debug|Any CPU
		{8484c1bb-c117-3eb6-6371-8c526d0e3692}.Debug|Any CPU.ActiveCfg = Debug|Any CPU
		{8484c1bb-c117-3eb6-6371-8c526d0e3692}.Debug|Any CPU.Build.0 = Debug|Any CPU
		{c515d963-cf33-c232-2d4a-6156828b15ee}.Debug|Any CPU.ActiveCfg = Debug|Any CPU
		{c515d963-cf33-c232-2d4a-6156828b15ee}.Debug|Any CPU.Build.0 = Debug|Any CPU
		{d21dbb28-f35c-57f0-5bc5-b574276509e2}.Debug|Any CPU.ActiveCfg = Debug|Any CPU
		{d21dbb28-f35c-57f0-5bc5-b574276509e2}.Debug|Any CPU.Build.0 = Debug|Any CPU
		{b3215b73-f5f6-2c23-ca91-96eda80e9413}.Debug|Any CPU.ActiveCfg = Debug|Any CPU
		{b3215b73-f5f6-2c23-ca91-96eda80e9413}.Debug|Any CPU.Build.0 = Debug|Any CPU
		{8660a142-02ef-17de-ca7e-a1f8953ed298}.Debug|Any CPU.ActiveCfg = Debug|Any CPU
		{8660a142-02ef-17de-ca7e-a1f8953ed298}.Debug|Any CPU.Build.0 = Debug|Any CPU
		{0df4c063-d539-e5ac-325b-aa0090e359ee}.Debug|Any CPU.ActiveCfg = Debug|Any CPU
		{0df4c063-d539-e5ac-325b-aa0090e359ee}.Debug|Any CPU.Build.0 = Debug|Any CPU
		{fb0ea5a5-e008-742c-73b2-48bedba30d09}.Debug|Any CPU.ActiveCfg = Debug|Any CPU
		{fb0ea5a5-e008-742c-73b2-48bedba30d09}.Debug|Any CPU.Build.0 = Debug|Any CPU
		{13095434-ba75-75e5-ab99-9378820ffbdb}.Debug|Any CPU.ActiveCfg = Debug|Any CPU
		{13095434-ba75-75e5-ab99-9378820ffbdb}.Debug|Any CPU.Build.0 = Debug|Any CPU
		{85d57e6b-e86b-189a-4450-e1a54807b6cd}.Debug|Any CPU.ActiveCfg = Debug|Any CPU
		{85d57e6b-e86b-189a-4450-e1a54807b6cd}.Debug|Any CPU.Build.0 = Debug|Any CPU
		{c5e99bec-8bc3-592a-c70c-3e0e26195e8f}.Debug|Any CPU.ActiveCfg = Debug|Any CPU
		{c5e99bec-8bc3-592a-c70c-3e0e26195e8f}.Debug|Any CPU.Build.0 = Debug|Any CPU
		{f0dfb433-3e16-e739-3080-fbaa0d421bbc}.Debug|Any CPU.ActiveCfg = Debug|Any CPU
		{f0dfb433-3e16-e739-3080-fbaa0d421bbc}.Debug|Any CPU.Build.0 = Debug|Any CPU
		{fd76aea1-ab88-b50f-b2b5-9a87d02e8125}.Debug|Any CPU.ActiveCfg = Debug|Any CPU
		{fd76aea1-ab88-b50f-b2b5-9a87d02e8125}.Debug|Any CPU.Build.0 = Debug|Any CPU
	EndGlobalSection
	GlobalSection(SolutionProperties) = preSolution
		HideSolutionNode = FALSE
	EndGlobalSection
EndGlobal
